
Microsoft Visual Studio Solution File, Format Version 12.00
# Visual Studio Version 16
VisualStudioVersion = 16.0.30717.126
MinimumVisualStudioVersion = 10.0.40219.1
Project("{2150E333-8FDC-42A3-9474-1A3956D46DE8}") = "Test", "Test", "{5B2BD89C-3474-42C7-864E-30B350C55B46}"
EndProject
Project("{9A19103F-16F7-4668-BE54-9A1E7A4F7556}") = "UnitTestProject1", "UnitTestProject1\UnitTestProject1.csproj", "{105FDD38-BA56-47AE-B388-D9FE74A827AC}"
EndProject
Project("{9A19103F-16F7-4668-BE54-9A1E7A4F7556}") = "CSharp.Net.Util", "CSharp.Net.Util\CSharp.Net.Util.csproj", "{13B778A2-CE38-41A2-8737-DCED4C90921A}"
EndProject
Project("{9A19103F-16F7-4668-BE54-9A1E7A4F7556}") = "TestConsole", "TestConsole\TestConsole.csproj", "{76FBB166-265A-4940-BFC5-E096E217E22D}"
EndProject
Project("{9A19103F-16F7-4668-BE54-9A1E7A4F7556}") = "CSharp.Net.ADO.MySql", "CSharp.Net.ADO.MySql\CSharp.Net.ADO.MySql.csproj", "{A430BC28-B1EF-4D06-B827-63E1670CABD3}"
EndProject
Project("{9A19103F-16F7-4668-BE54-9A1E7A4F7556}") = "CSharp.Net.Util.Pdf", "CSharp.Net.Util.Pdf\CSharp.Net.Util.Pdf.csproj", "{52B9F754-F836-4EB2-B74B-E7F1F1B38701}"
EndProject
Project("{9A19103F-16F7-4668-BE54-9A1E7A4F7556}") = "CSharp.Net.Util.Zip", "CSharp.Net.Util.Zip\CSharp.Net.Util.Zip.csproj", "{EF2A4109-33E3-4E72-A12F-38A4C16715C0}"
EndProject
Project("{9A19103F-16F7-4668-BE54-9A1E7A4F7556}") = "CSharp.Net.Util.Aliyun.Oss", "CSharp.Net.Util.Aliyun.Oss\CSharp.Net.Util.Aliyun.Oss.csproj", "{F4F88A61-B9AF-460D-8676-F62E5735E1F9}"
EndProject
Project("{9A19103F-16F7-4668-BE54-9A1E7A4F7556}") = "CSharp.Net.Mvc", "CSharp.Net.MVC\CSharp.Net.Mvc.csproj", "{0DC59EE7-EF5D-4EAA-9D78-A584ECCA06F5}"
EndProject
Project("{9A19103F-16F7-4668-BE54-9A1E7A4F7556}") = "CSharp.Net.Cache", "CSharp.Net.Cache\CSharp.Net.Cache.csproj", "{11482974-F44C-42EE-AE08-CC2403D1E7C6}"
EndProject
Global
	GlobalSection(SolutionConfigurationPlatforms) = preSolution
		Debug|Any CPU = Debug|Any CPU
		Release|Any CPU = Release|Any CPU
	EndGlobalSection
	GlobalSection(ProjectConfigurationPlatforms) = postSolution
		{105FDD38-BA56-47AE-B388-D9FE74A827AC}.Debug|Any CPU.ActiveCfg = Debug|Any CPU
		{105FDD38-BA56-47AE-B388-D9FE74A827AC}.Debug|Any CPU.Build.0 = Debug|Any CPU
		{105FDD38-BA56-47AE-B388-D9FE74A827AC}.Release|Any CPU.ActiveCfg = Release|Any CPU
		{105FDD38-BA56-47AE-B388-D9FE74A827AC}.Release|Any CPU.Build.0 = Release|Any CPU
		{13B778A2-CE38-41A2-8737-DCED4C90921A}.Debug|Any CPU.ActiveCfg = Debug|Any CPU
		{13B778A2-CE38-41A2-8737-DCED4C90921A}.Debug|Any CPU.Build.0 = Debug|Any CPU
		{13B778A2-CE38-41A2-8737-DCED4C90921A}.Release|Any CPU.ActiveCfg = Release|Any CPU
		{13B778A2-CE38-41A2-8737-DCED4C90921A}.Release|Any CPU.Build.0 = Release|Any CPU
		{76FBB166-265A-4940-BFC5-E096E217E22D}.Debug|Any CPU.ActiveCfg = Debug|Any CPU
		{76FBB166-265A-4940-BFC5-E096E217E22D}.Debug|Any CPU.Build.0 = Debug|Any CPU
		{76FBB166-265A-4940-BFC5-E096E217E22D}.Release|Any CPU.ActiveCfg = Release|Any CPU
		{76FBB166-265A-4940-BFC5-E096E217E22D}.Release|Any CPU.Build.0 = Release|Any CPU
		{A430BC28-B1EF-4D06-B827-63E1670CABD3}.Debug|Any CPU.ActiveCfg = Debug|Any CPU
		{A430BC28-B1EF-4D06-B827-63E1670CABD3}.Debug|Any CPU.Build.0 = Debug|Any CPU
		{A430BC28-B1EF-4D06-B827-63E1670CABD3}.Release|Any CPU.ActiveCfg = Release|Any CPU
		{A430BC28-B1EF-4D06-B827-63E1670CABD3}.Release|Any CPU.Build.0 = Release|Any CPU
		{52B9F754-F836-4EB2-B74B-E7F1F1B38701}.Debug|Any CPU.ActiveCfg = Debug|Any CPU
		{52B9F754-F836-4EB2-B74B-E7F1F1B38701}.Debug|Any CPU.Build.0 = Debug|Any CPU
		{52B9F754-F836-4EB2-B74B-E7F1F1B38701}.Release|Any CPU.ActiveCfg = Release|Any CPU
		{52B9F754-F836-4EB2-B74B-E7F1F1B38701}.Release|Any CPU.Build.0 = Release|Any CPU
		{EF2A4109-33E3-4E72-A12F-38A4C16715C0}.Debug|Any CPU.ActiveCfg = Debug|Any CPU
		{EF2A4109-33E3-4E72-A12F-38A4C16715C0}.Debug|Any CPU.Build.0 = Debug|Any CPU
		{EF2A4109-33E3-4E72-A12F-38A4C16715C0}.Release|Any CPU.ActiveCfg = Release|Any CPU
		{EF2A4109-33E3-4E72-A12F-38A4C16715C0}.Release|Any CPU.Build.0 = Release|Any CPU
		{F4F88A61-B9AF-460D-8676-F62E5735E1F9}.Debug|Any CPU.ActiveCfg = Debug|Any CPU
		{F4F88A61-B9AF-460D-8676-F62E5735E1F9}.Debug|Any CPU.Build.0 = Debug|Any CPU
		{F4F88A61-B9AF-460D-8676-F62E5735E1F9}.Release|Any CPU.ActiveCfg = Release|Any CPU
		{F4F88A61-B9AF-460D-8676-F62E5735E1F9}.Release|Any CPU.Build.0 = Release|Any CPU
		{0DC59EE7-EF5D-4EAA-9D78-A584ECCA06F5}.Debug|Any CPU.ActiveCfg = Debug|Any CPU
		{0DC59EE7-EF5D-4EAA-9D78-A584ECCA06F5}.Debug|Any CPU.Build.0 = Debug|Any CPU
		{0DC59EE7-EF5D-4EAA-9D78-A584ECCA06F5}.Release|Any CPU.ActiveCfg = Release|Any CPU
		{0DC59EE7-EF5D-4EAA-9D78-A584ECCA06F5}.Release|Any CPU.Build.0 = Release|Any CPU
		{11482974-F44C-42EE-AE08-CC2403D1E7C6}.Debug|Any CPU.ActiveCfg = Debug|Any CPU
		{11482974-F44C-42EE-AE08-CC2403D1E7C6}.Debug|Any CPU.Build.0 = Debug|Any CPU
		{11482974-F44C-42EE-AE08-CC2403D1E7C6}.Release|Any CPU.ActiveCfg = Release|Any CPU
		{11482974-F44C-42EE-AE08-CC2403D1E7C6}.Release|Any CPU.Build.0 = Release|Any CPU
	EndGlobalSection
	GlobalSection(SolutionProperties) = preSolution
		HideSolutionNode = FALSE
	EndGlobalSection
	GlobalSection(NestedProjects) = preSolution
		{105FDD38-BA56-47AE-B388-D9FE74A827AC} = {5B2BD89C-3474-42C7-864E-30B350C55B46}
		{76FBB166-265A-4940-BFC5-E096E217E22D} = {5B2BD89C-3474-42C7-864E-30B350C55B46}
	EndGlobalSection
	GlobalSection(ExtensibilityGlobals) = postSolution
		SolutionGuid = {58B4E7A4-6465-42E9-81CA-CD22B35887C6}
	EndGlobalSection
EndGlobal
